dependencies:
- name: portal
  repository: https://vandenbergen.github.io/rancher-helm-chart
  version: 0.1.79
- name: logstash
  repository: https://kubernetes-charts.storage.googleapis.com/
  version: 2.4.0
- name: rabbitmq-ha
  repository: https://kubernetes-charts.storage.googleapis.com/
  version: 1.44.3
- name: filebeat
  repository: https://kubernetes-charts.storage.googleapis.com/
  version: 4.0.0
digest: sha256:a064091d5b9e28ad3d40ed60d1cd6182f7bf376030a3331f8952e95b7409a5a1
generated: "2020-05-27T12:43:30.8064184+02:00"
