dependencies:
- name: portal
  repository: https://vandenbergen.github.io/rancher-helm-chart
  version: 0.1.48
- name: logstash
  repository: https://kubernetes-charts.storage.googleapis.com/
  version: 2.4.0
- name: rabbitmq-ha
  repository: https://kubernetes-charts.storage.googleapis.com/
  version: 1.44.3
- name: filebeat
  repository: https://kubernetes-charts.storage.googleapis.com/
  version: 4.0.0
digest: sha256:d3befc9ea3be459bfd5c5bc1b86c2f2ed0ed1aa2e14aac50f69508fb6617d6d1
generated: "2020-05-08T11:11:22.6707357+02:00"
