dependencies:
- name: mariadb-galera
  repository: https://charts.bitnami.com/bitnami
  version: 2.1.1
- name: influxdb
  repository: https://charts.bitnami.com/bitnami
  version: 0.3.7
digest: sha256:854addf845dac558acfa1de946d19f6b4b80a18ced5557e4071b635b85fb242c
generated: "2020-05-14T16:37:12.4620746+02:00"
