dependencies:
- name: mariadb-galera
  repository: https://charts.bitnami.com/bitnami
  version: 2.1.1
- name: influxdb
  repository: https://charts.bitnami.com/bitnami
  version: 0.3.7
- name: grafana
  repository: https://charts.bitnami.com/bitnami
  version: 1.5.2
digest: sha256:0a0b163751a8fd2f5bac9b37900ca309abbd192f4dc1e80ae926c80b8bbea742
generated: "2020-05-18T10:33:52.1508158+02:00"
