dependencies:
- name: mariadb-galera
  repository: https://charts.bitnami.com/bitnami
  version: 2.1.1
- name: rabbitmq
  repository: https://charts.bitnami.com/bitnami
  version: 7.5.7
digest: sha256:935ff13385e915d3ffae78535d48911b1f654d96fbc94f3a3542a7dc8168a129
generated: "2020-08-04T19:54:24.7721634+02:00"
