dependencies:
- name: mariadb-galera
  repository: https://charts.bitnami.com/bitnami
  version: 2.1.1
- name: phpmyadmin
  repository: https://charts.bitnami.com/bitnami
  version: 6.3.2
digest: sha256:267858ca18e558d15a9ecda3d05c0e8add38e72dac59a9c66f83a0bdae6a6db3
generated: "2020-08-04T08:57:06.8390942+02:00"
